
Microsoft Visual Studio Solution File, Format Version 12.00
# Visual Studio Version 16
VisualStudioVersion = 16.0.29001.49
MinimumVisualStudioVersion = 10.0.40219.1
Project("{9A19103F-16F7-4668-BE54-9A1E7A4F7556}") = "DockerExampleApp", "DockerExampleApp\DockerExampleApp.csproj", "{F6F30CA8-6DC6-40EE-AC9B-48D72FBC6ADB}"
EndProject
Global
	GlobalSection(SolutionConfigurationPlatforms) = preSolution
		Debug|Any CPU = Debug|Any CPU
		Release|Any CPU = Release|Any CPU
	EndGlobalSection
	GlobalSection(ProjectConfigurationPlatforms) = postSolution
		{F6F30CA8-6DC6-40EE-AC9B-48D72FBC6ADB}.Debug|Any CPU.ActiveCfg = Debug|Any CPU
		{F6F30CA8-6DC6-40EE-AC9B-48D72FBC6ADB}.Debug|Any CPU.Build.0 = Debug|Any CPU
		{F6F30CA8-6DC6-40EE-AC9B-48D72FBC6ADB}.Release|Any CPU.ActiveCfg = Release|Any CPU
		{F6F30CA8-6DC6-40EE-AC9B-48D72FBC6ADB}.Release|Any CPU.Build.0 = Release|Any CPU
	EndGlobalSection
	GlobalSection(SolutionProperties) = preSolution
		HideSolutionNode = FALSE
	EndGlobalSection
	GlobalSection(ExtensibilityGlobals) = postSolution
		SolutionGuid = {C6A51CB8-5611-4672-828A-563535CB12C2}
	EndGlobalSection
EndGlobal
