
Microsoft Visual Studio Solution File, Format Version 12.00
# Visual Studio Version 16
VisualStudioVersion = 16.0.29001.49
MinimumVisualStudioVersion = 10.0.40219.1
Project("{FAE04EC0-301F-11D3-BF4B-00C04F79EFBC}") = "Docker.Example.App", "Docker.Example.App.csproj", "{A001DFBC-80A9-425D-ABA3-6928AA611DA5}"
EndProject
Global
	GlobalSection(SolutionConfigurationPlatforms) = preSolution
		Debug|Any CPU = Debug|Any CPU
		Release|Any CPU = Release|Any CPU
	EndGlobalSection
	GlobalSection(ProjectConfigurationPlatforms) = postSolution
		{A001DFBC-80A9-425D-ABA3-6928AA611DA5}.Debug|Any CPU.ActiveCfg = Debug|Any CPU
		{A001DFBC-80A9-425D-ABA3-6928AA611DA5}.Debug|Any CPU.Build.0 = Debug|Any CPU
		{A001DFBC-80A9-425D-ABA3-6928AA611DA5}.Release|Any CPU.ActiveCfg = Release|Any CPU
		{A001DFBC-80A9-425D-ABA3-6928AA611DA5}.Release|Any CPU.Build.0 = Release|Any CPU
	EndGlobalSection
	GlobalSection(SolutionProperties) = preSolution
		HideSolutionNode = FALSE
	EndGlobalSection
	GlobalSection(ExtensibilityGlobals) = postSolution
		SolutionGuid = {1D6D607E-9654-4195-AB72-DDB15CC1D878}
	EndGlobalSection
EndGlobal
